<?xml version="1.0" encoding="utf-8"?>
<Project ToolsVersion="4.0" xmlns="http://schemas.microsoft.com/developer/msbuild/2003">
  <ItemGroup>
    <Filter Include="ソース ファイル">
      <UniqueIdentifier>{4FC737F1-C7A5-4376-A066-2A32D752A2FF}</UniqueIdentifier>
      <Extensions>cpp;c;cc;cxx;def;odl;idl;hpj;bat;asm;asmx</Extensions>
    </Filter>
    <Filter Include="ヘッダー ファイル">
      <UniqueIdentifier>{93995380-89BD-4b04-88EB-625FBE52EBFB}</UniqueIdentifier>
      <Extensions>h;hh;hpp;hxx;hm;inl;inc;xsd</Extensions>
    </Filter>
    <Filter Include="リソース ファイル">
      <UniqueIdentifier>{67DA6AB6-F800-4c08-8B7A-83BB121AAD01}</UniqueIdentifier>
      <Extensions>rc;ico;cur;bmp;dlg;rc2;rct;bin;rgs;gif;jpg;jpeg;jpe;resx;tiff;tif;png;wav;mfcribbon-ms</Extensions>
    </Filter>
  </ItemGroup>
  <ItemGroup>
    <Text Include="readme.txt" />
  </ItemGroup>
  <ItemGroup>
    <None Include="make.bat" />
    <None Include="crt0.s">
      <Filter>ソース ファイル</Filter>
    </None>
    <None Include="vdp_command.s">
      <Filter>ソース ファイル</Filter>
    </None>
    <None Include="ux_render_object_noclip.s">
      <Filter>ソース ファイル</Filter>
    </None>
    <None Include="pers.s">
      <Filter>ソース ファイル</Filter>
    </None>
    <None Include="slot.s">
      <Filter>ソース ファイル</Filter>
    </None>
    <None Include="math.s">
      <Filter>ソース ファイル</Filter>
    </None>
    <None Include="sincos.s">
      <Filter>ソース ファイル</Filter>
    </None>
    <None Include="make_model.bat" />
  </ItemGroup>
  <ItemGroup>
    <ClCompile Include="main.c">
      <Filter>ソース ファイル</Filter>
    </ClCompile>
    <ClCompile Include="ux_render.c">
      <Filter>ソース ファイル</Filter>
    </ClCompile>
    <ClCompile Include="pers.c">
      <Filter>ソース ファイル</Filter>
    </ClCompile>
    <ClCompile Include="slot.c">
      <Filter>ソース ファイル</Filter>
    </ClCompile>
    <ClCompile Include="sincos.c">
      <Filter>ソース ファイル</Filter>
    </ClCompile>
    <ClCompile Include="vdp_command.c">
      <Filter>ソース ファイル</Filter>
    </ClCompile>
    <ClCompile Include="math.c">
      <Filter>ソース ファイル</Filter>
    </ClCompile>
    <ClCompile Include="key_matrix.c">
      <Filter>ソース ファイル</Filter>
    </ClCompile>
    <ClCompile Include="vec_math.c">
      <Filter>ソース ファイル</Filter>
    </ClCompile>
    <ClCompile Include="model_data.c">
      <Filter>ソース ファイル</Filter>
    </ClCompile>
    <ClCompile Include="player.c">
      <Filter>ソース ファイル</Filter>
    </ClCompile>
    <ClCompile Include="view.c">
      <Filter>ソース ファイル</Filter>
    </ClCompile>
    <ClCompile Include="input.c">
      <Filter>ソース ファイル</Filter>
    </ClCompile>
    <ClCompile Include="player_beam.c">
      <Filter>ソース ファイル</Filter>
    </ClCompile>
    <ClCompile Include="explosion.c">
      <Filter>ソース ファイル</Filter>
    </ClCompile>
    <ClCompile Include="bg.c">
      <Filter>ソース ファイル</Filter>
    </ClCompile>
    <ClCompile Include="enemy.c">
      <Filter>ソース ファイル</Filter>
    </ClCompile>
  </ItemGroup>
  <ItemGroup>
    <ClInclude Include="vec_math.h">
      <Filter>ヘッダー ファイル</Filter>
    </ClInclude>
    <ClInclude Include="vdp_command.h">
      <Filter>ヘッダー ファイル</Filter>
    </ClInclude>
    <ClInclude Include="ux_render.h">
      <Filter>ヘッダー ファイル</Filter>
    </ClInclude>
    <ClInclude Include="slot.h">
      <Filter>ヘッダー ファイル</Filter>
    </ClInclude>
    <ClInclude Include="sincos.h">
      <Filter>ヘッダー ファイル</Filter>
    </ClInclude>
    <ClInclude Include="player.h">
      <Filter>ヘッダー ファイル</Filter>
    </ClInclude>
    <ClInclude Include="pers.h">
      <Filter>ヘッダー ファイル</Filter>
    </ClInclude>
    <ClInclude Include="model_data.h">
      <Filter>ヘッダー ファイル</Filter>
    </ClInclude>
    <ClInclude Include="math.h">
      <Filter>ヘッダー ファイル</Filter>
    </ClInclude>
    <ClInclude Include="key_matrix.h">
      <Filter>ヘッダー ファイル</Filter>
    </ClInclude>
    <ClInclude Include="view.h">
      <Filter>ヘッダー ファイル</Filter>
    </ClInclude>
    <ClInclude Include="input.h">
      <Filter>ヘッダー ファイル</Filter>
    </ClInclude>
    <ClInclude Include="explosion.h">
      <Filter>ヘッダー ファイル</Filter>
    </ClInclude>
    <ClInclude Include="player_beam.h">
      <Filter>ヘッダー ファイル</Filter>
    </ClInclude>
    <ClInclude Include="macros.h">
      <Filter>ヘッダー ファイル</Filter>
    </ClInclude>
    <ClInclude Include="bg.h">
      <Filter>ソース ファイル</Filter>
    </ClInclude>
    <ClInclude Include="enemy.h">
      <Filter>ソース ファイル</Filter>
    </ClInclude>
  </ItemGroup>
</Project>